github.com/davecgh/go-spew v1.1.1 h1:vj9j/u1bqnvCEfJOwUhtlOARqs3+rkHYY13jYWTU97c=
github.com/davecgh/go-spew v1.1.1/go.mod h1:J7Y8YcW2NihsgmVo/mv3lAwl/skON4iLHjSsI+c5H38=
github.com/ditto-assistant/dittobench-datagen v0.7.0 h1:V1IZYAYhlS4DGgpZUruiqB42E12T9+Iu1k1NAuf7Fts=
github.com/ditto-assistant/dittobench-datagen v0.7.0/go.mod h1:b5oKfDqwoHFDt8eaJ/J6SXIM07jxVdENUl+D3sm/Z+g=
github.com/ditto-assistant/dittobench-datagen v0.7.2-0.20260717183036-2c0f1ba5e4ee h1:SlwXWmrSKX/SPOulW6/TzwGoTk4zPGQh5gq72chSj2s=
github.com/ditto-assistant/dittobench-datagen v0.7.2-0.20260717183036-2c0f1ba5e4ee/go.mod h1:b5oKfDqwoHFDt8eaJ/J6SXIM07jxVdENUl+D3sm/Z+g=
github.com/ditto-assistant/dittobench-datagen v0.7.2-0.20260718175120-f0ec562b7e8f h1:UAOoqT/vGlItt6LJV6b2OFUiOymUFs8ZFmzoAvtkYdg=
github.com/ditto-assistant/dittobench-datagen v0.7.2-0.20260718175120-f0ec562b7e8f/go.mod h1:b5oKfDqwoHFDt8eaJ/J6SXIM07jxVdENUl+D3sm/Z+g=
github.com/ditto-assistant/dittobench-datagen v0.7.2-0.20260718213037-531597f2a24c h1:04/htzULhqNjX1b0Js4O0RdrXpELLxzbax8UUeQZCkM=
github.com/ditto-assistant/dittobench-datagen v0.7.2-0.20260718213037-531597f2a24c/go.mod h1:b5oKfDqwoHFDt8eaJ/J6SXIM07jxVdENUl+D3sm/Z+g=
github.com/ditto-assistant/dittobench-datagen v0.7.2-0.20260718213912-b47e724c7236 h1:K8wMFFB9ON6qvmcBci588x1XSrUbL+7HgK/xl7ykrx4=
github.com/ditto-assistant/dittobench-datagen v0.7.2-0.20260718213912-b47e724c7236/go.mod h1:b5oKfDqwoHFDt8eaJ/J6SXIM07jxVdENUl+D3sm/Z+g=
github.com/ditto-assistant/dittobench-datagen v0.7.2-0.20260718234348-7894f3b4b33b h1:qbFWljoSSj+U4ZwSt0EP+uBWyupGVQ29j9cnEE44RnY=
github.com/ditto-assistant/dittobench-datagen v0.7.2-0.20260718234348-7894f3b4b33b/go.mod h1:b5oKfDqwoHFDt8eaJ/J6SXIM07jxVdENUl+D3sm/Z+g=
github.com/ditto-assistant/dittobench-datagen v0.8.0 h1:eO08j/94JU0alq8sfXrWlgM5V5Fn942QfIW8jOrjVjU=
github.com/ditto-assistant/dittobench-datagen v0.8.0/go.mod h1:b5oKfDqwoHFDt8eaJ/J6SXIM07jxVdENUl+D3sm/Z+g=
github.com/ditto-assistant/dittobench-datagen v0.8.1-0.20260719173804-3263e16d8020 h1:RnAqtRwNzeVXMlQQTcfXFO/R4WXq8CQGR4VrhXEbP3A=
github.com/ditto-assistant/dittobench-datagen v0.8.1-0.20260719173804-3263e16d8020/go.mod h1:b5oKfDqwoHFDt8eaJ/J6SXIM07jxVdENUl+D3sm/Z+g=
github.com/ditto-assistant/dittobench-datagen v0.9.0 h1:6Some3WE39th5yPt/QssOY1gA2gRVD8jhPinP7KwiN4=
github.com/ditto-assistant/dittobench-datagen v0.9.0/go.mod h1:b5oKfDqwoHFDt8eaJ/J6SXIM07jxVdENUl+D3sm/Z+g=
github.com/google/uuid v1.6.0 h1:NIvaJDMOsjHA8n1jAhLSgzrAzy1Hgr+hNrb57e+94F0=
github.com/google/uuid v1.6.0/go.mod h1:TIyPZe4MgqvfeYDBFedMoGGpEw/LqOeaOT+nhxU+yHo=
github.com/pmezard/go-difflib v1.0.0 h1:4DBwDE0NGyQoBHbLQYPwSUPoCMWR5BEzIk/f1lZbAQM=
github.com/pmezard/go-difflib v1.0.0/go.mod h1:iKH77koFhYxTK1pcRnkKkqfTogsbg7gZNVY4sRDYZ/4=
github.com/smacker/go-tree-sitter v0.0.0-20240827094217-dd81d9e9be82 h1:6C8qej6f1bStuePVkLSFxoU22XBS165D3klxlzRg8F4=
github.com/smacker/go-tree-sitter v0.0.0-20240827094217-dd81d9e9be82/go.mod h1:xe4pgH49k4SsmkQq5OT8abwhWmnzkhpgnXeekbx2efw=
github.com/stretchr/testify v1.9.0 h1:HtqpIVDClZ4nwg75+f6Lvsy/wHu+3BoSGCbBAcpTsTg=
github.com/stretchr/testify v1.9.0/go.mod h1:r2ic/lqez/lEtzL7wO/rwa5dbSLXVDPFyf8C91i36aY=
gopkg.in/yaml.v3 v3.0.1 h1:fxVm/GzAzEWqLHuvctI91KS9hhNmmWOoWu0XTYJS7CA=
gopkg.in/yaml.v3 v3.0.1/go.mod h1:K4uyk7z7BCEPqu6E+C64Yfv1cQ7kz7rIZviUmN+EgEM=
